
Microsoft Visual Studio Solution File, Format Version 12.00
# Visual Studio Version 16
VisualStudioVersion = 16.0.30907.101
MinimumVisualStudioVersion = 10.0.40219.1
Project("{9A19103F-16F7-4668-BE54-9A1E7A4F7556}") = "Business", "Business\Business.csproj", "{A81EE700-EFDF-4F92-ABA1-DFD0B6A84191}"
EndProject
Project("{9A19103F-16F7-4668-BE54-9A1E7A4F7556}") = "DataAccess", "DataAccess\DataAccess.csproj", "{9D9E0693-F434-4F23-A559-8851CF844788}"
EndProject
Project("{9A19103F-16F7-4668-BE54-9A1E7A4F7556}") = "Entities", "Entities\Entities.csproj", "{E7C4B302-3197-47C4-B651-73B76D70ED91}"
EndProject
Project("{9A19103F-16F7-4668-BE54-9A1E7A4F7556}") = "ConsoleUI", "ConsoleUI\ConsoleUI.csproj", "{D6490E0B-95E6-49C5-B048-37434C9D7BAE}"
EndProject
Project("{9A19103F-16F7-4668-BE54-9A1E7A4F7556}") = "Core", "Core\Core.csproj", "{6CD98043-1450-4595-8F7F-41771E2CE62C}"
EndProject
Project("{FAE04EC0-301F-11D3-BF4B-00C04F79EFBC}") = "WebAPI", "WebAPI\WebAPI.csproj", "{8F87908C-649A-49A7-84B7-5376B0194A75}"
EndProject
Global
	GlobalSection(SolutionConfigurationPlatforms) = preSolution
		Debug|Any CPU = Debug|Any CPU
		Release|Any CPU = Release|Any CPU
	EndGlobalSection
	GlobalSection(ProjectConfigurationPlatforms) = postSolution
		{A81EE700-EFDF-4F92-ABA1-DFD0B6A84191}.Debug|Any CPU.ActiveCfg = Debug|Any CPU
		{A81EE700-EFDF-4F92-ABA1-DFD0B6A84191}.Debug|Any CPU.Build.0 = Debug|Any CPU
		{A81EE700-EFDF-4F92-ABA1-DFD0B6A84191}.Release|Any CPU.ActiveCfg = Release|Any CPU
		{A81EE700-EFDF-4F92-ABA1-DFD0B6A84191}.Release|Any CPU.Build.0 = Release|Any CPU
		{9D9E0693-F434-4F23-A559-8851CF844788}.Debug|Any CPU.ActiveCfg = Debug|Any CPU
		{9D9E0693-F434-4F23-A559-8851CF844788}.Debug|Any CPU.Build.0 = Debug|Any CPU
		{9D9E0693-F434-4F23-A559-8851CF844788}.Release|Any CPU.ActiveCfg = Release|Any CPU
		{9D9E0693-F434-4F23-A559-8851CF844788}.Release|Any CPU.Build.0 = Release|Any CPU
		{E7C4B302-3197-47C4-B651-73B76D70ED91}.Debug|Any CPU.ActiveCfg = Debug|Any CPU
		{E7C4B302-3197-47C4-B651-73B76D70ED91}.Debug|Any CPU.Build.0 = Debug|Any CPU
		{E7C4B302-3197-47C4-B651-73B76D70ED91}.Release|Any CPU.ActiveCfg = Release|Any CPU
		{E7C4B302-3197-47C4-B651-73B76D70ED91}.Release|Any CPU.Build.0 = Release|Any CPU
		{D6490E0B-95E6-49C5-B048-37434C9D7BAE}.Debug|Any CPU.ActiveCfg = Debug|Any CPU
		{D6490E0B-95E6-49C5-B048-37434C9D7BAE}.Debug|Any CPU.Build.0 = Debug|Any CPU
		{D6490E0B-95E6-49C5-B048-37434C9D7BAE}.Release|Any CPU.ActiveCfg = Release|Any CPU
		{D6490E0B-95E6-49C5-B048-37434C9D7BAE}.Release|Any CPU.Build.0 = Release|Any CPU
		{6CD98043-1450-4595-8F7F-41771E2CE62C}.Debug|Any CPU.ActiveCfg = Debug|Any CPU
		{6CD98043-1450-4595-8F7F-41771E2CE62C}.Debug|Any CPU.Build.0 = Debug|Any CPU
		{6CD98043-1450-4595-8F7F-41771E2CE62C}.Release|Any CPU.ActiveCfg = Release|Any CPU
		{6CD98043-1450-4595-8F7F-41771E2CE62C}.Release|Any CPU.Build.0 = Release|Any CPU
		{8F87908C-649A-49A7-84B7-5376B0194A75}.Debug|Any CPU.ActiveCfg = Debug|Any CPU
		{8F87908C-649A-49A7-84B7-5376B0194A75}.Debug|Any CPU.Build.0 = Debug|Any CPU
		{8F87908C-649A-49A7-84B7-5376B0194A75}.Release|Any CPU.ActiveCfg = Release|Any CPU
		{8F87908C-649A-49A7-84B7-5376B0194A75}.Release|Any CPU.Build.0 = Release|Any CPU
	EndGlobalSection
	GlobalSection(SolutionProperties) = preSolution
		HideSolutionNode = FALSE
	EndGlobalSection
	GlobalSection(ExtensibilityGlobals) = postSolution
		SolutionGuid = {C7BFB47D-5785-405C-BA75-464CDBED9528}
	EndGlobalSection
EndGlobal
